
Microsoft Visual Studio Solution File, Format Version 12.00
# Visual Studio 15
VisualStudioVersion = 15.0.27130.2010
MinimumVisualStudioVersion = 10.0.40219.1
Project("{FAE04EC0-301F-11D3-BF4B-00C04F79EFBC}") = "VisualCalculator", "WindowsFormsApp2\VisualCalculator.csproj", "{F3E87B9A-3021-4D78-AD9E-DCE9C2D75635}"
EndProject
Global
	GlobalSection(SolutionConfigurationPlatforms) = preSolution
		Debug|Any CPU = Debug|Any CPU
		Release|Any CPU = Release|Any CPU
	EndGlobalSection
	GlobalSection(ProjectConfigurationPlatforms) = postSolution
		{F3E87B9A-3021-4D78-AD9E-DCE9C2D75635}.Debug|Any CPU.ActiveCfg = Debug|Any CPU
		{F3E87B9A-3021-4D78-AD9E-DCE9C2D75635}.Debug|Any CPU.Build.0 = Debug|Any CPU
		{F3E87B9A-3021-4D78-AD9E-DCE9C2D75635}.Release|Any CPU.ActiveCfg = Release|Any CPU
		{F3E87B9A-3021-4D78-AD9E-DCE9C2D75635}.Release|Any CPU.Build.0 = Release|Any CPU
	EndGlobalSection
	GlobalSection(SolutionProperties) = preSolution
		HideSolutionNode = FALSE
	EndGlobalSection
	GlobalSection(ExtensibilityGlobals) = postSolution
		SolutionGuid = {AF426C50-1939-42AA-B034-729BA73D976B}
	EndGlobalSection
EndGlobal
